
Microsoft Visual Studio Solution File, Format Version 11.00
# Visual Studio 2010
Project("{FAE04EC0-301F-11D3-BF4B-00C04F79EFBC}") = "TimHeuer.Silverlight.Translator", "TimHeuer.Silverlight.Translator\TimHeuer.Silverlight.Translator.csproj", "{8C92F3DF-C479-4915-859D-5C244C19D6D7}"
EndProject
Project("{FAE04EC0-301F-11D3-BF4B-00C04F79EFBC}") = "Translator.Test", "Translator.Test\Translator.Test.csproj", "{0D5C470F-CD5B-4369-971A-9487460B843E}"
EndProject
Project("{FAE04EC0-301F-11D3-BF4B-00C04F79EFBC}") = "TestHarness", "TestHarness\TestHarness.csproj", "{86900D5D-9801-4688-AD0A-7B02B94B1BBB}"
EndProject
Project("{FAE04EC0-301F-11D3-BF4B-00C04F79EFBC}") = "TestHarness.Web", "TestHarness.Web\TestHarness.Web.csproj", "{99A0785B-C08C-4FCC-9EA3-97F52AC1AF78}"
EndProject
Project("{FAE04EC0-301F-11D3-BF4B-00C04F79EFBC}") = "TimHeuer.Silverlight.Translator.4", "TimHeuer.Silverlight.Translator.4\TimHeuer.Silverlight.Translator.4.csproj", "{7AFA0EAE-B063-4A4C-BB8D-8140644724A4}"
EndProject
Global
	GlobalSection(SolutionConfigurationPlatforms) = preSolution
		CD_ROM|Any CPU = CD_ROM|Any CPU
		CD_ROM|AnyOS = CD_ROM|AnyOS
		CD_ROM|Mixed Platforms = CD_ROM|Mixed Platforms
		CD_ROM|Win32 = CD_ROM|Win32
		CD_ROM|Win64 = CD_ROM|Win64
		CD_ROM|x86 = CD_ROM|x86
		Debug|Any CPU = Debug|Any CPU
		Debug|AnyOS = Debug|AnyOS
		Debug|Mixed Platforms = Debug|Mixed Platforms
		Debug|Win32 = Debug|Win32
		Debug|Win64 = Debug|Win64
		Debug|x86 = Debug|x86
		DVD-5|Any CPU = DVD-5|Any CPU
		DVD-5|AnyOS = DVD-5|AnyOS
		DVD-5|Mixed Platforms = DVD-5|Mixed Platforms
		DVD-5|Win32 = DVD-5|Win32
		DVD-5|Win64 = DVD-5|Win64
		DVD-5|x86 = DVD-5|x86
		Release|Any CPU = Release|Any CPU
		Release|AnyOS = Release|AnyOS
		Release|Mixed Platforms = Release|Mixed Platforms
		Release|Win32 = Release|Win32
		Release|Win64 = Release|Win64
		Release|x86 = Release|x86
		SingleImage|Any CPU = SingleImage|Any CPU
		SingleImage|AnyOS = SingleImage|AnyOS
		SingleImage|Mixed Platforms = SingleImage|Mixed Platforms
		SingleImage|Win32 = SingleImage|Win32
		SingleImage|Win64 = SingleImage|Win64
		SingleImage|x86 = SingleImage|x86
	EndGlobalSection
	GlobalSection(ProjectConfigurationPlatforms) = postSolution
		{8C92F3DF-C479-4915-859D-5C244C19D6D7}.CD_ROM|Any CPU.ActiveCfg = Release|Any CPU
		{8C92F3DF-C479-4915-859D-5C244C19D6D7}.CD_ROM|Any CPU.Build.0 = Release|Any CPU
		{8C92F3DF-C479-4915-859D-5C244C19D6D7}.CD_ROM|AnyOS.ActiveCfg = Release|Any CPU
		{8C92F3DF-C479-4915-859D-5C244C19D6D7}.CD_ROM|Mixed Platforms.ActiveCfg = Release|Any CPU
		{8C92F3DF-C479-4915-859D-5C244C19D6D7}.CD_ROM|Mixed Platforms.Build.0 = Release|Any CPU
		{8C92F3DF-C479-4915-859D-5C244C19D6D7}.CD_ROM|Win32.ActiveCfg = Release|Any CPU
		{8C92F3DF-C479-4915-859D-5C244C19D6D7}.CD_ROM|Win64.ActiveCfg = Release|Any CPU
		{8C92F3DF-C479-4915-859D-5C244C19D6D7}.CD_ROM|x86.ActiveCfg = Release|Any CPU
		{8C92F3DF-C479-4915-859D-5C244C19D6D7}.Debug|Any CPU.ActiveCfg = Debug|Any CPU
		{8C92F3DF-C479-4915-859D-5C244C19D6D7}.Debug|Any CPU.Build.0 = Debug|Any CPU
		{8C92F3DF-C479-4915-859D-5C244C19D6D7}.Debug|AnyOS.ActiveCfg = Debug|Any CPU
		{8C92F3DF-C479-4915-859D-5C244C19D6D7}.Debug|Mixed Platforms.ActiveCfg = Debug|Any CPU
		{8C92F3DF-C479-4915-859D-5C244C19D6D7}.Debug|Mixed Platforms.Build.0 = Debug|Any CPU
		{8C92F3DF-C479-4915-859D-5C244C19D6D7}.Debug|Win32.ActiveCfg = Debug|Any CPU
		{8C92F3DF-C479-4915-859D-5C244C19D6D7}.Debug|Win64.ActiveCfg = Debug|Any CPU
		{8C92F3DF-C479-4915-859D-5C244C19D6D7}.Debug|x86.ActiveCfg = Debug|Any CPU
		{8C92F3DF-C479-4915-859D-5C244C19D6D7}.DVD-5|Any CPU.ActiveCfg = Debug|Any CPU
		{8C92F3DF-C479-4915-859D-5C244C19D6D7}.DVD-5|Any CPU.Build.0 = Debug|Any CPU
		{8C92F3DF-C479-4915-859D-5C244C19D6D7}.DVD-5|AnyOS.ActiveCfg = Debug|Any CPU
		{8C92F3DF-C479-4915-859D-5C244C19D6D7}.DVD-5|Mixed Platforms.ActiveCfg = Debug|Any CPU
		{8C92F3DF-C479-4915-859D-5C244C19D6D7}.DVD-5|Mixed Platforms.Build.0 = Debug|Any CPU
		{8C92F3DF-C479-4915-859D-5C244C19D6D7}.DVD-5|Win32.ActiveCfg = Debug|Any CPU
		{8C92F3DF-C479-4915-859D-5C244C19D6D7}.DVD-5|Win64.ActiveCfg = Debug|Any CPU
		{8C92F3DF-C479-4915-859D-5C244C19D6D7}.DVD-5|x86.ActiveCfg = Debug|Any CPU
		{8C92F3DF-C479-4915-859D-5C244C19D6D7}.Release|Any CPU.ActiveCfg = Release|Any CPU
		{8C92F3DF-C479-4915-859D-5C244C19D6D7}.Release|Any CPU.Build.0 = Release|Any CPU
		{8C92F3DF-C479-4915-859D-5C244C19D6D7}.Release|AnyOS.ActiveCfg = Release|Any CPU
		{8C92F3DF-C479-4915-859D-5C244C19D6D7}.Release|Mixed Platforms.ActiveCfg = Release|Any CPU
		{8C92F3DF-C479-4915-859D-5C244C19D6D7}.Release|Mixed Platforms.Build.0 = Release|Any CPU
		{8C92F3DF-C479-4915-859D-5C244C19D6D7}.Release|Win32.ActiveCfg = Release|Any CPU
		{8C92F3DF-C479-4915-859D-5C244C19D6D7}.Release|Win64.ActiveCfg = Release|Any CPU
		{8C92F3DF-C479-4915-859D-5C244C19D6D7}.Release|x86.ActiveCfg = Release|Any CPU
		{8C92F3DF-C479-4915-859D-5C244C19D6D7}.SingleImage|Any CPU.ActiveCfg = Release|Any CPU
		{8C92F3DF-C479-4915-859D-5C244C19D6D7}.SingleImage|Any CPU.Build.0 = Release|Any CPU
		{8C92F3DF-C479-4915-859D-5C244C19D6D7}.SingleImage|AnyOS.ActiveCfg = Release|Any CPU
		{8C92F3DF-C479-4915-859D-5C244C19D6D7}.SingleImage|Mixed Platforms.ActiveCfg = Release|Any CPU
		{8C92F3DF-C479-4915-859D-5C244C19D6D7}.SingleImage|Mixed Platforms.Build.0 = Release|Any CPU
		{8C92F3DF-C479-4915-859D-5C244C19D6D7}.SingleImage|Win32.ActiveCfg = Release|Any CPU
		{8C92F3DF-C479-4915-859D-5C244C19D6D7}.SingleImage|Win64.ActiveCfg = Release|Any CPU
		{8C92F3DF-C479-4915-859D-5C244C19D6D7}.SingleImage|x86.ActiveCfg = Release|Any CPU
		{0D5C470F-CD5B-4369-971A-9487460B843E}.CD_ROM|Any CPU.ActiveCfg = Release|Any CPU
		{0D5C470F-CD5B-4369-971A-9487460B843E}.CD_ROM|Any CPU.Build.0 = Release|Any CPU
		{0D5C470F-CD5B-4369-971A-9487460B843E}.CD_ROM|AnyOS.ActiveCfg = Release|Any CPU
		{0D5C470F-CD5B-4369-971A-9487460B843E}.CD_ROM|Mixed Platforms.ActiveCfg = Debug|Any CPU
		{0D5C470F-CD5B-4369-971A-9487460B843E}.CD_ROM|Win32.ActiveCfg = Release|Any CPU
		{0D5C470F-CD5B-4369-971A-9487460B843E}.CD_ROM|Win64.ActiveCfg = Release|Any CPU
		{0D5C470F-CD5B-4369-971A-9487460B843E}.CD_ROM|x86.ActiveCfg = Debug|Any CPU
		{0D5C470F-CD5B-4369-971A-9487460B843E}.Debug|Any CPU.ActiveCfg = Debug|Any CPU
		{0D5C470F-CD5B-4369-971A-9487460B843E}.Debug|Any CPU.Build.0 = Debug|Any CPU
		{0D5C470F-CD5B-4369-971A-9487460B843E}.Debug|AnyOS.ActiveCfg = Debug|Any CPU
		{0D5C470F-CD5B-4369-971A-9487460B843E}.Debug|Mixed Platforms.ActiveCfg = Debug|Any CPU
		{0D5C470F-CD5B-4369-971A-9487460B843E}.Debug|Win32.ActiveCfg = Debug|Any CPU
		{0D5C470F-CD5B-4369-971A-9487460B843E}.Debug|Win64.ActiveCfg = Debug|Any CPU
		{0D5C470F-CD5B-4369-971A-9487460B843E}.Debug|x86.ActiveCfg = Debug|Any CPU
		{0D5C470F-CD5B-4369-971A-9487460B843E}.DVD-5|Any CPU.ActiveCfg = Debug|Any CPU
		{0D5C470F-CD5B-4369-971A-9487460B843E}.DVD-5|Any CPU.Build.0 = Debug|Any CPU
		{0D5C470F-CD5B-4369-971A-9487460B843E}.DVD-5|AnyOS.ActiveCfg = Debug|Any CPU
		{0D5C470F-CD5B-4369-971A-9487460B843E}.DVD-5|Mixed Platforms.ActiveCfg = Debug|Any CPU
		{0D5C470F-CD5B-4369-971A-9487460B843E}.DVD-5|Win32.ActiveCfg = Debug|Any CPU
		{0D5C470F-CD5B-4369-971A-9487460B843E}.DVD-5|Win64.ActiveCfg = Debug|Any CPU
		{0D5C470F-CD5B-4369-971A-9487460B843E}.DVD-5|x86.ActiveCfg = Debug|Any CPU
		{0D5C470F-CD5B-4369-971A-9487460B843E}.Release|Any CPU.ActiveCfg = Release|Any CPU
		{0D5C470F-CD5B-4369-971A-9487460B843E}.Release|Any CPU.Build.0 = Release|Any CPU
		{0D5C470F-CD5B-4369-971A-9487460B843E}.Release|AnyOS.ActiveCfg = Release|Any CPU
		{0D5C470F-CD5B-4369-971A-9487460B843E}.Release|Mixed Platforms.ActiveCfg = Release|Any CPU
		{0D5C470F-CD5B-4369-971A-9487460B843E}.Release|Mixed Platforms.Build.0 = Release|Any CPU
		{0D5C470F-CD5B-4369-971A-9487460B843E}.Release|Win32.ActiveCfg = Release|Any CPU
		{0D5C470F-CD5B-4369-971A-9487460B843E}.Release|Win64.ActiveCfg = Release|Any CPU
		{0D5C470F-CD5B-4369-971A-9487460B843E}.Release|x86.ActiveCfg = Release|Any CPU
		{0D5C470F-CD5B-4369-971A-9487460B843E}.SingleImage|Any CPU.ActiveCfg = Release|Any CPU
		{0D5C470F-CD5B-4369-971A-9487460B843E}.SingleImage|Any CPU.Build.0 = Release|Any CPU
		{0D5C470F-CD5B-4369-971A-9487460B843E}.SingleImage|AnyOS.ActiveCfg = Release|Any CPU
		{0D5C470F-CD5B-4369-971A-9487460B843E}.SingleImage|Mixed Platforms.ActiveCfg = Debug|Any CPU
		{0D5C470F-CD5B-4369-971A-9487460B843E}.SingleImage|Win32.ActiveCfg = Release|Any CPU
		{0D5C470F-CD5B-4369-971A-9487460B843E}.SingleImage|Win64.ActiveCfg = Release|Any CPU
		{0D5C470F-CD5B-4369-971A-9487460B843E}.SingleImage|x86.ActiveCfg = Debug|Any CPU
		{86900D5D-9801-4688-AD0A-7B02B94B1BBB}.CD_ROM|Any CPU.ActiveCfg = Release|Any CPU
		{86900D5D-9801-4688-AD0A-7B02B94B1BBB}.CD_ROM|Any CPU.Build.0 = Release|Any CPU
		{86900D5D-9801-4688-AD0A-7B02B94B1BBB}.CD_ROM|AnyOS.ActiveCfg = Release|Any CPU
		{86900D5D-9801-4688-AD0A-7B02B94B1BBB}.CD_ROM|Mixed Platforms.ActiveCfg = Release|Any CPU
		{86900D5D-9801-4688-AD0A-7B02B94B1BBB}.CD_ROM|Mixed Platforms.Build.0 = Release|Any CPU
		{86900D5D-9801-4688-AD0A-7B02B94B1BBB}.CD_ROM|Win32.ActiveCfg = Release|Any CPU
		{86900D5D-9801-4688-AD0A-7B02B94B1BBB}.CD_ROM|Win64.ActiveCfg = Release|Any CPU
		{86900D5D-9801-4688-AD0A-7B02B94B1BBB}.CD_ROM|x86.ActiveCfg = Release|Any CPU
		{86900D5D-9801-4688-AD0A-7B02B94B1BBB}.Debug|Any CPU.ActiveCfg = Debug|Any CPU
		{86900D5D-9801-4688-AD0A-7B02B94B1BBB}.Debug|Any CPU.Build.0 = Debug|Any CPU
		{86900D5D-9801-4688-AD0A-7B02B94B1BBB}.Debug|AnyOS.ActiveCfg = Debug|Any CPU
		{86900D5D-9801-4688-AD0A-7B02B94B1BBB}.Debug|Mixed Platforms.ActiveCfg = Debug|Any CPU
		{86900D5D-9801-4688-AD0A-7B02B94B1BBB}.Debug|Mixed Platforms.Build.0 = Debug|Any CPU
		{86900D5D-9801-4688-AD0A-7B02B94B1BBB}.Debug|Win32.ActiveCfg = Debug|Any CPU
		{86900D5D-9801-4688-AD0A-7B02B94B1BBB}.Debug|Win64.ActiveCfg = Debug|Any CPU
		{86900D5D-9801-4688-AD0A-7B02B94B1BBB}.Debug|x86.ActiveCfg = Debug|Any CPU
		{86900D5D-9801-4688-AD0A-7B02B94B1BBB}.DVD-5|Any CPU.ActiveCfg = Debug|Any CPU
		{86900D5D-9801-4688-AD0A-7B02B94B1BBB}.DVD-5|Any CPU.Build.0 = Debug|Any CPU
		{86900D5D-9801-4688-AD0A-7B02B94B1BBB}.DVD-5|AnyOS.ActiveCfg = Debug|Any CPU
		{86900D5D-9801-4688-AD0A-7B02B94B1BBB}.DVD-5|Mixed Platforms.ActiveCfg = Debug|Any CPU
		{86900D5D-9801-4688-AD0A-7B02B94B1BBB}.DVD-5|Mixed Platforms.Build.0 = Debug|Any CPU
		{86900D5D-9801-4688-AD0A-7B02B94B1BBB}.DVD-5|Win32.ActiveCfg = Debug|Any CPU
		{86900D5D-9801-4688-AD0A-7B02B94B1BBB}.DVD-5|Win64.ActiveCfg = Debug|Any CPU
		{86900D5D-9801-4688-AD0A-7B02B94B1BBB}.DVD-5|x86.ActiveCfg = Debug|Any CPU
		{86900D5D-9801-4688-AD0A-7B02B94B1BBB}.Release|Any CPU.ActiveCfg = Release|Any CPU
		{86900D5D-9801-4688-AD0A-7B02B94B1BBB}.Release|Any CPU.Build.0 = Release|Any CPU
		{86900D5D-9801-4688-AD0A-7B02B94B1BBB}.Release|AnyOS.ActiveCfg = Release|Any CPU
		{86900D5D-9801-4688-AD0A-7B02B94B1BBB}.Release|Mixed Platforms.ActiveCfg = Release|Any CPU
		{86900D5D-9801-4688-AD0A-7B02B94B1BBB}.Release|Mixed Platforms.Build.0 = Release|Any CPU
		{86900D5D-9801-4688-AD0A-7B02B94B1BBB}.Release|Win32.ActiveCfg = Release|Any CPU
		{86900D5D-9801-4688-AD0A-7B02B94B1BBB}.Release|Win64.ActiveCfg = Release|Any CPU
		{86900D5D-9801-4688-AD0A-7B02B94B1BBB}.Release|x86.ActiveCfg = Release|Any CPU
		{86900D5D-9801-4688-AD0A-7B02B94B1BBB}.SingleImage|Any CPU.ActiveCfg = Release|Any CPU
		{86900D5D-9801-4688-AD0A-7B02B94B1BBB}.SingleImage|Any CPU.Build.0 = Release|Any CPU
		{86900D5D-9801-4688-AD0A-7B02B94B1BBB}.SingleImage|AnyOS.ActiveCfg = Release|Any CPU
		{86900D5D-9801-4688-AD0A-7B02B94B1BBB}.SingleImage|Mixed Platforms.ActiveCfg = Release|Any CPU
		{86900D5D-9801-4688-AD0A-7B02B94B1BBB}.SingleImage|Mixed Platforms.Build.0 = Release|Any CPU
		{86900D5D-9801-4688-AD0A-7B02B94B1BBB}.SingleImage|Win32.ActiveCfg = Release|Any CPU
		{86900D5D-9801-4688-AD0A-7B02B94B1BBB}.SingleImage|Win64.ActiveCfg = Release|Any CPU
		{86900D5D-9801-4688-AD0A-7B02B94B1BBB}.SingleImage|x86.ActiveCfg = Release|Any CPU
		{99A0785B-C08C-4FCC-9EA3-97F52AC1AF78}.CD_ROM|Any CPU.ActiveCfg = Release|Any CPU
		{99A0785B-C08C-4FCC-9EA3-97F52AC1AF78}.CD_ROM|Any CPU.Build.0 = Release|Any CPU
		{99A0785B-C08C-4FCC-9EA3-97F52AC1AF78}.CD_ROM|AnyOS.ActiveCfg = Release|Any CPU
		{99A0785B-C08C-4FCC-9EA3-97F52AC1AF78}.CD_ROM|Mixed Platforms.ActiveCfg = Release|Any CPU
		{99A0785B-C08C-4FCC-9EA3-97F52AC1AF78}.CD_ROM|Mixed Platforms.Build.0 = Release|Any CPU
		{99A0785B-C08C-4FCC-9EA3-97F52AC1AF78}.CD_ROM|Win32.ActiveCfg = Release|Any CPU
		{99A0785B-C08C-4FCC-9EA3-97F52AC1AF78}.CD_ROM|Win64.ActiveCfg = Release|Any CPU
		{99A0785B-C08C-4FCC-9EA3-97F52AC1AF78}.CD_ROM|x86.ActiveCfg = Release|Any CPU
		{99A0785B-C08C-4FCC-9EA3-97F52AC1AF78}.Debug|Any CPU.ActiveCfg = Debug|Any CPU
		{99A0785B-C08C-4FCC-9EA3-97F52AC1AF78}.Debug|Any CPU.Build.0 = Debug|Any CPU
		{99A0785B-C08C-4FCC-9EA3-97F52AC1AF78}.Debug|AnyOS.ActiveCfg = Debug|Any CPU
		{99A0785B-C08C-4FCC-9EA3-97F52AC1AF78}.Debug|Mixed Platforms.ActiveCfg = Debug|Any CPU
		{99A0785B-C08C-4FCC-9EA3-97F52AC1AF78}.Debug|Mixed Platforms.Build.0 = Debug|Any CPU
		{99A0785B-C08C-4FCC-9EA3-97F52AC1AF78}.Debug|Win32.ActiveCfg = Debug|Any CPU
		{99A0785B-C08C-4FCC-9EA3-97F52AC1AF78}.Debug|Win64.ActiveCfg = Debug|Any CPU
		{99A0785B-C08C-4FCC-9EA3-97F52AC1AF78}.Debug|x86.ActiveCfg = Debug|Any CPU
		{99A0785B-C08C-4FCC-9EA3-97F52AC1AF78}.DVD-5|Any CPU.ActiveCfg = Debug|Any CPU
		{99A0785B-C08C-4FCC-9EA3-97F52AC1AF78}.DVD-5|Any CPU.Build.0 = Debug|Any CPU
		{99A0785B-C08C-4FCC-9EA3-97F52AC1AF78}.DVD-5|AnyOS.ActiveCfg = Debug|Any CPU
		{99A0785B-C08C-4FCC-9EA3-97F52AC1AF78}.DVD-5|Mixed Platforms.ActiveCfg = Debug|Any CPU
		{99A0785B-C08C-4FCC-9EA3-97F52AC1AF78}.DVD-5|Mixed Platforms.Build.0 = Debug|Any CPU
		{99A0785B-C08C-4FCC-9EA3-97F52AC1AF78}.DVD-5|Win32.ActiveCfg = Debug|Any CPU
		{99A0785B-C08C-4FCC-9EA3-97F52AC1AF78}.DVD-5|Win64.ActiveCfg = Debug|Any CPU
		{99A0785B-C08C-4FCC-9EA3-97F52AC1AF78}.DVD-5|x86.ActiveCfg = Debug|Any CPU
		{99A0785B-C08C-4FCC-9EA3-97F52AC1AF78}.Release|Any CPU.ActiveCfg = Release|Any CPU
		{99A0785B-C08C-4FCC-9EA3-97F52AC1AF78}.Release|Any CPU.Build.0 = Release|Any CPU
		{99A0785B-C08C-4FCC-9EA3-97F52AC1AF78}.Release|AnyOS.ActiveCfg = Release|Any CPU
		{99A0785B-C08C-4FCC-9EA3-97F52AC1AF78}.Release|Mixed Platforms.ActiveCfg = Release|Any CPU
		{99A0785B-C08C-4FCC-9EA3-97F52AC1AF78}.Release|Mixed Platforms.Build.0 = Release|Any CPU
		{99A0785B-C08C-4FCC-9EA3-97F52AC1AF78}.Release|Win32.ActiveCfg = Release|Any CPU
		{99A0785B-C08C-4FCC-9EA3-97F52AC1AF78}.Release|Win64.ActiveCfg = Release|Any CPU
		{99A0785B-C08C-4FCC-9EA3-97F52AC1AF78}.Release|x86.ActiveCfg = Release|Any CPU
		{99A0785B-C08C-4FCC-9EA3-97F52AC1AF78}.SingleImage|Any CPU.ActiveCfg = Release|Any CPU
		{99A0785B-C08C-4FCC-9EA3-97F52AC1AF78}.SingleImage|Any CPU.Build.0 = Release|Any CPU
		{99A0785B-C08C-4FCC-9EA3-97F52AC1AF78}.SingleImage|AnyOS.ActiveCfg = Release|Any CPU
		{99A0785B-C08C-4FCC-9EA3-97F52AC1AF78}.SingleImage|Mixed Platforms.ActiveCfg = Release|Any CPU
		{99A0785B-C08C-4FCC-9EA3-97F52AC1AF78}.SingleImage|Mixed Platforms.Build.0 = Release|Any CPU
		{99A0785B-C08C-4FCC-9EA3-97F52AC1AF78}.SingleImage|Win32.ActiveCfg = Release|Any CPU
		{99A0785B-C08C-4FCC-9EA3-97F52AC1AF78}.SingleImage|Win64.ActiveCfg = Release|Any CPU
		{99A0785B-C08C-4FCC-9EA3-97F52AC1AF78}.SingleImage|x86.ActiveCfg = Release|Any CPU
		{5EBC4ABD-BD59-4F1B-8F4D-E2E78000DCAD}.CD_ROM|Any CPU.ActiveCfg = CD_ROM|AnyOS
		{5EBC4ABD-BD59-4F1B-8F4D-E2E78000DCAD}.CD_ROM|AnyOS.ActiveCfg = CD_ROM|AnyOS
		{5EBC4ABD-BD59-4F1B-8F4D-E2E78000DCAD}.CD_ROM|AnyOS.Build.0 = CD_ROM|AnyOS
		{5EBC4ABD-BD59-4F1B-8F4D-E2E78000DCAD}.CD_ROM|Mixed Platforms.ActiveCfg = CD_ROM|Win64
		{5EBC4ABD-BD59-4F1B-8F4D-E2E78000DCAD}.CD_ROM|Win32.ActiveCfg = CD_ROM|Win32
		{5EBC4ABD-BD59-4F1B-8F4D-E2E78000DCAD}.CD_ROM|Win32.Build.0 = CD_ROM|Win32
		{5EBC4ABD-BD59-4F1B-8F4D-E2E78000DCAD}.CD_ROM|Win64.ActiveCfg = CD_ROM|Win64
		{5EBC4ABD-BD59-4F1B-8F4D-E2E78000DCAD}.CD_ROM|Win64.Build.0 = CD_ROM|Win64
		{5EBC4ABD-BD59-4F1B-8F4D-E2E78000DCAD}.CD_ROM|x86.ActiveCfg = CD_ROM|Win64
		{5EBC4ABD-BD59-4F1B-8F4D-E2E78000DCAD}.Debug|Any CPU.ActiveCfg = DVD-5|AnyOS
		{5EBC4ABD-BD59-4F1B-8F4D-E2E78000DCAD}.Debug|AnyOS.ActiveCfg = DVD-5|AnyOS
		{5EBC4ABD-BD59-4F1B-8F4D-E2E78000DCAD}.Debug|AnyOS.Build.0 = DVD-5|AnyOS
		{5EBC4ABD-BD59-4F1B-8F4D-E2E78000DCAD}.Debug|Mixed Platforms.ActiveCfg = DVD-5|Win64
		{5EBC4ABD-BD59-4F1B-8F4D-E2E78000DCAD}.Debug|Win32.ActiveCfg = DVD-5|AnyOS
		{5EBC4ABD-BD59-4F1B-8F4D-E2E78000DCAD}.Debug|Win64.ActiveCfg = DVD-5|AnyOS
		{5EBC4ABD-BD59-4F1B-8F4D-E2E78000DCAD}.Debug|x86.ActiveCfg = DVD-5|Win64
		{5EBC4ABD-BD59-4F1B-8F4D-E2E78000DCAD}.DVD-5|Any CPU.ActiveCfg = DVD-5|AnyOS
		{5EBC4ABD-BD59-4F1B-8F4D-E2E78000DCAD}.DVD-5|AnyOS.ActiveCfg = DVD-5|AnyOS
		{5EBC4ABD-BD59-4F1B-8F4D-E2E78000DCAD}.DVD-5|AnyOS.Build.0 = DVD-5|AnyOS
		{5EBC4ABD-BD59-4F1B-8F4D-E2E78000DCAD}.DVD-5|Mixed Platforms.ActiveCfg = DVD-5|Win64
		{5EBC4ABD-BD59-4F1B-8F4D-E2E78000DCAD}.DVD-5|Win32.ActiveCfg = DVD-5|Win32
		{5EBC4ABD-BD59-4F1B-8F4D-E2E78000DCAD}.DVD-5|Win32.Build.0 = DVD-5|Win32
		{5EBC4ABD-BD59-4F1B-8F4D-E2E78000DCAD}.DVD-5|Win64.ActiveCfg = DVD-5|Win64
		{5EBC4ABD-BD59-4F1B-8F4D-E2E78000DCAD}.DVD-5|Win64.Build.0 = DVD-5|Win64
		{5EBC4ABD-BD59-4F1B-8F4D-E2E78000DCAD}.DVD-5|x86.ActiveCfg = DVD-5|Win64
		{5EBC4ABD-BD59-4F1B-8F4D-E2E78000DCAD}.Release|Any CPU.ActiveCfg = SingleImage|AnyOS
		{5EBC4ABD-BD59-4F1B-8F4D-E2E78000DCAD}.Release|AnyOS.ActiveCfg = SingleImage|AnyOS
		{5EBC4ABD-BD59-4F1B-8F4D-E2E78000DCAD}.Release|AnyOS.Build.0 = SingleImage|AnyOS
		{5EBC4ABD-BD59-4F1B-8F4D-E2E78000DCAD}.Release|Mixed Platforms.ActiveCfg = SingleImage|Win64
		{5EBC4ABD-BD59-4F1B-8F4D-E2E78000DCAD}.Release|Mixed Platforms.Build.0 = SingleImage|Win64
		{5EBC4ABD-BD59-4F1B-8F4D-E2E78000DCAD}.Release|Win32.ActiveCfg = SingleImage|AnyOS
		{5EBC4ABD-BD59-4F1B-8F4D-E2E78000DCAD}.Release|Win64.ActiveCfg = SingleImage|AnyOS
		{5EBC4ABD-BD59-4F1B-8F4D-E2E78000DCAD}.Release|x86.ActiveCfg = SingleImage|Win64
		{5EBC4ABD-BD59-4F1B-8F4D-E2E78000DCAD}.SingleImage|Any CPU.ActiveCfg = SingleImage|AnyOS
		{5EBC4ABD-BD59-4F1B-8F4D-E2E78000DCAD}.SingleImage|AnyOS.ActiveCfg = SingleImage|AnyOS
		{5EBC4ABD-BD59-4F1B-8F4D-E2E78000DCAD}.SingleImage|AnyOS.Build.0 = SingleImage|AnyOS
		{5EBC4ABD-BD59-4F1B-8F4D-E2E78000DCAD}.SingleImage|Mixed Platforms.ActiveCfg = SingleImage|Win64
		{5EBC4ABD-BD59-4F1B-8F4D-E2E78000DCAD}.SingleImage|Win32.ActiveCfg = SingleImage|Win32
		{5EBC4ABD-BD59-4F1B-8F4D-E2E78000DCAD}.SingleImage|Win32.Build.0 = SingleImage|Win32
		{5EBC4ABD-BD59-4F1B-8F4D-E2E78000DCAD}.SingleImage|Win64.ActiveCfg = SingleImage|Win64
		{5EBC4ABD-BD59-4F1B-8F4D-E2E78000DCAD}.SingleImage|Win64.Build.0 = SingleImage|Win64
		{5EBC4ABD-BD59-4F1B-8F4D-E2E78000DCAD}.SingleImage|x86.ActiveCfg = SingleImage|Win64
		{7AFA0EAE-B063-4A4C-BB8D-8140644724A4}.CD_ROM|Any CPU.ActiveCfg = Release|Any CPU
		{7AFA0EAE-B063-4A4C-BB8D-8140644724A4}.CD_ROM|Any CPU.Build.0 = Release|Any CPU
		{7AFA0EAE-B063-4A4C-BB8D-8140644724A4}.CD_ROM|AnyOS.ActiveCfg = Release|Any CPU
		{7AFA0EAE-B063-4A4C-BB8D-8140644724A4}.CD_ROM|Mixed Platforms.ActiveCfg = Release|Any CPU
		{7AFA0EAE-B063-4A4C-BB8D-8140644724A4}.CD_ROM|Mixed Platforms.Build.0 = Release|Any CPU
		{7AFA0EAE-B063-4A4C-BB8D-8140644724A4}.CD_ROM|Win32.ActiveCfg = Release|Any CPU
		{7AFA0EAE-B063-4A4C-BB8D-8140644724A4}.CD_ROM|Win64.ActiveCfg = Release|Any CPU
		{7AFA0EAE-B063-4A4C-BB8D-8140644724A4}.CD_ROM|x86.ActiveCfg = Release|Any CPU
		{7AFA0EAE-B063-4A4C-BB8D-8140644724A4}.Debug|Any CPU.ActiveCfg = Debug|Any CPU
		{7AFA0EAE-B063-4A4C-BB8D-8140644724A4}.Debug|Any CPU.Build.0 = Debug|Any CPU
		{7AFA0EAE-B063-4A4C-BB8D-8140644724A4}.Debug|AnyOS.ActiveCfg = Debug|Any CPU
		{7AFA0EAE-B063-4A4C-BB8D-8140644724A4}.Debug|Mixed Platforms.ActiveCfg = Debug|Any CPU
		{7AFA0EAE-B063-4A4C-BB8D-8140644724A4}.Debug|Mixed Platforms.Build.0 = Debug|Any CPU
		{7AFA0EAE-B063-4A4C-BB8D-8140644724A4}.Debug|Win32.ActiveCfg = Debug|Any CPU
		{7AFA0EAE-B063-4A4C-BB8D-8140644724A4}.Debug|Win64.ActiveCfg = Debug|Any CPU
		{7AFA0EAE-B063-4A4C-BB8D-8140644724A4}.Debug|x86.ActiveCfg = Debug|Any CPU
		{7AFA0EAE-B063-4A4C-BB8D-8140644724A4}.DVD-5|Any CPU.ActiveCfg = Debug|Any CPU
		{7AFA0EAE-B063-4A4C-BB8D-8140644724A4}.DVD-5|Any CPU.Build.0 = Debug|Any CPU
		{7AFA0EAE-B063-4A4C-BB8D-8140644724A4}.DVD-5|AnyOS.ActiveCfg = Debug|Any CPU
		{7AFA0EAE-B063-4A4C-BB8D-8140644724A4}.DVD-5|Mixed Platforms.ActiveCfg = Debug|Any CPU
		{7AFA0EAE-B063-4A4C-BB8D-8140644724A4}.DVD-5|Mixed Platforms.Build.0 = Debug|Any CPU
		{7AFA0EAE-B063-4A4C-BB8D-8140644724A4}.DVD-5|Win32.ActiveCfg = Debug|Any CPU
		{7AFA0EAE-B063-4A4C-BB8D-8140644724A4}.DVD-5|Win64.ActiveCfg = Debug|Any CPU
		{7AFA0EAE-B063-4A4C-BB8D-8140644724A4}.DVD-5|x86.ActiveCfg = Debug|Any CPU
		{7AFA0EAE-B063-4A4C-BB8D-8140644724A4}.Release|Any CPU.ActiveCfg = Release|Any CPU
		{7AFA0EAE-B063-4A4C-BB8D-8140644724A4}.Release|Any CPU.Build.0 = Release|Any CPU
		{7AFA0EAE-B063-4A4C-BB8D-8140644724A4}.Release|AnyOS.ActiveCfg = Release|Any CPU
		{7AFA0EAE-B063-4A4C-BB8D-8140644724A4}.Release|Mixed Platforms.ActiveCfg = Release|Any CPU
		{7AFA0EAE-B063-4A4C-BB8D-8140644724A4}.Release|Mixed Platforms.Build.0 = Release|Any CPU
		{7AFA0EAE-B063-4A4C-BB8D-8140644724A4}.Release|Win32.ActiveCfg = Release|Any CPU
		{7AFA0EAE-B063-4A4C-BB8D-8140644724A4}.Release|Win64.ActiveCfg = Release|Any CPU
		{7AFA0EAE-B063-4A4C-BB8D-8140644724A4}.Release|x86.ActiveCfg = Release|Any CPU
		{7AFA0EAE-B063-4A4C-BB8D-8140644724A4}.SingleImage|Any CPU.ActiveCfg = Release|Any CPU
		{7AFA0EAE-B063-4A4C-BB8D-8140644724A4}.SingleImage|Any CPU.Build.0 = Release|Any CPU
		{7AFA0EAE-B063-4A4C-BB8D-8140644724A4}.SingleImage|AnyOS.ActiveCfg = Release|Any CPU
		{7AFA0EAE-B063-4A4C-BB8D-8140644724A4}.SingleImage|Mixed Platforms.ActiveCfg = Release|Any CPU
		{7AFA0EAE-B063-4A4C-BB8D-8140644724A4}.SingleImage|Mixed Platforms.Build.0 = Release|Any CPU
		{7AFA0EAE-B063-4A4C-BB8D-8140644724A4}.SingleImage|Win32.ActiveCfg = Release|Any CPU
		{7AFA0EAE-B063-4A4C-BB8D-8140644724A4}.SingleImage|Win64.ActiveCfg = Release|Any CPU
		{7AFA0EAE-B063-4A4C-BB8D-8140644724A4}.SingleImage|x86.ActiveCfg = Release|Any CPU
	EndGlobalSection
	GlobalSection(SolutionProperties) = preSolution
		HideSolutionNode = FALSE
	EndGlobalSection
EndGlobal
